[[package]]
name = "backports-zoneinfo"
version = "0.2.1"
description = "Backport of the standard library zoneinfo module"
category = "main"
optional = false
python-versions = ">=3.6"

[package.extras]
tzdata = ["tzdata"]

[[package]]
name = "beautifulsoup4"
version = "4.11.1"
description = "Screen-scraping library"
category = "main"
optional = false
python-versions = ">=3.6.0"

[package.dependencies]
soupsieve = ">1.2"

[package.extras]
html5lib = ["html5lib"]
lxml = ["lxml"]

[[package]]
name = "cached-property"
version = "1.5.2"
description = "A decorator for caching properties in classes."
category = "main"
optional = false
python-versions = "*"

[[package]]
name = "certifi"
version = "2022.9.24"
description = "Python package for providing Mozilla's CA Bundle."
category = "main"
optional = false
python-versions = ">=3.6"

[[package]]
name = "chardet"
version = "5.0.0"
description = "Universal encoding detector for Python 3"
category = "main"
optional = false
python-versions = ">=3.6"

[[package]]
name = "charset-normalizer"
version = "2.1.1"
description = "The Real First Universal Charset Detector. Open, modern and actively maintained alternative to Chardet."
category = "main"
optional = false
python-versions = ">=3.6.0"

[package.extras]
unicode-backport = ["unicodedata2"]

[[package]]
name = "courlan"
version = "0.8.3"
description = "Clean, filter and sample URLs to optimize data collection – includes spam, content type and language filters."
category = "main"
optional = false
python-versions = ">=3.6"

[package.dependencies]
langcodes = ">=3.3.0"
tld = ">=0.12.6"
urllib3 = ">=1.26,<2"

[[package]]
name = "cssselect"
version = "1.2.0"
description = "cssselect parses CSS3 Selectors and translates them to XPath 1.0"
category = "main"
optional = false
python-versions = ">=3.7"

[[package]]
name = "dateparser"
version = "1.1.3"
description = "Date parsing library designed to parse dates from HTML pages"
category = "main"
optional = false
python-versions = ">=3.5"

[package.dependencies]
python-dateutil = "*"
pytz = "*"
regex = "<2019.02.19 || >2019.02.19,<2021.8.27 || >2021.8.27,<2022.3.15"
tzlocal = "*"

[package.extras]
calendars = ["convertdate", "convertdate", "hijri-converter"]
fasttext = ["fasttext"]
langdetect = ["langdetect"]

[[package]]
name = "feedparser"
version = "6.0.10"
description = "Universal feed parser, handles RSS 0.9x, RSS 1.0, RSS 2.0, CDF, Atom 0.3, and Atom 1.0 feeds"
category = "main"
optional = false
python-versions = ">=3.6"

[package.dependencies]
sgmllib3k = "*"

[[package]]
name = "htmldate"
version = "1.3.2"
description = "Fast and robust extraction of original and updated publication dates from URLs and web pages."
category = "main"
optional = false
python-versions = ">=3.6"

[package.dependencies]
charset-normalizer = ">=2.1.1"
dateparser = ">=1.1.1"
lxml = ">=4.6.4"
python-dateutil = ">=2.8.2"
urllib3 = ">=1.26,<2"

[package.extras]
all = ["cchardet (>=2.1.7)", "urllib3[brotli]"]
speed = ["cchardet (>=2.1.7)", "urllib3[brotli]"]

[[package]]
name = "idna"
version = "3.4"
description = "Internationalized Domain Names in Applications (IDNA)"
category = "main"
optional = false
python-versions = ">=3.5"

[[package]]
name = "justext"
version = "3.0.0"
description = "Heuristic based boilerplate removal tool"
category = "main"
optional = false
python-versions = "*"

[package.dependencies]
lxml = ">=4.4.2"

[[package]]
name = "langcodes"
version = "3.3.0"
description = "Tools for labeling human languages with IETF language tags"
category = "main"
optional = false
python-versions = ">=3.6"

[package.extras]
data = ["language-data (>=1.1,<2.0)"]

[[package]]
name = "lxml"
version = "4.9.0"
description = "Powerful and Pythonic XML processing library combining libxml2/libxslt with the ElementTree API."
category = "main"
optional = false
python-versions = ">=2.7, !=3.0.*, !=3.1.*, !=3.2.*, !=3.3.*, != 3.4.*"

[package.extras]
cssselect = ["cssselect (>=0.7)"]
html5 = ["html5lib"]
htmlsoup = ["BeautifulSoup4"]
source = ["Cython (>=0.29.7)"]

[package.source]
type = "file"
url = "lxml-4.9.0-cp311-cp311-win_amd64.whl"

[[package]]
name = "python-dateutil"
version = "2.8.2"
description = "Extensions to the standard Python datetime module"
category = "main"
optional = false
python-versions = "!=3.0.*,!=3.1.*,!=3.2.*,>=2.7"

[package.dependencies]
six = ">=1.5"

[[package]]
name = "pytz"
version = "2022.6"
description = "World timezone definitions, modern and historical"
category = "main"
optional = false
python-versions = "*"

[[package]]
name = "pytz-deprecation-shim"
version = "0.1.0.post0"
description = "Shims to make deprecation of pytz easier"
category = "main"
optional = false
python-versions = "!=3.0.*,!=3.1.*,!=3.2.*,!=3.3.*,!=3.4.*,!=3.5.*,>=2.7"

[package.dependencies]
"backports.zoneinfo" = {version = "*", markers = "python_version >= \"3.6\" and python_version < \"3.9\""}
tzdata = {version = "*", markers = "python_version >= \"3.6\""}

[[package]]
name = "rapidfuzz"
version = "2.13.2"
description = "rapid fuzzy string matching"
category = "main"
optional = false
python-versions = ">=3.7"

[package.extras]
full = ["numpy"]

[[package]]
name = "readability-lxml"
version = "0.8.1"
description = "fast html to text parser (article readability tool) with python 3 support"
category = "main"
optional = false
python-versions = "*"

[package.dependencies]
chardet = "*"
cssselect = "*"
lxml = "*"

[package.extras]
test = ["timeout-decorator"]

[[package]]
name = "regex"
version = "2022.3.2"
description = "Alternative regular expression module, to replace re."
category = "main"
optional = false
python-versions = ">=3.6"

[[package]]
name = "requests"
version = "2.28.1"
description = "Python HTTP for Humans."
category = "main"
optional = false
python-versions = ">=3.7, <4"

[package.dependencies]
certifi = ">=2017.4.17"
charset-normalizer = ">=2,<3"
idna = ">=2.5,<4"
urllib3 = ">=1.21.1,<1.27"

[package.extras]
socks = ["PySocks (>=1.5.6,!=1.5.7)"]
use-chardet-on-py3 = ["chardet (>=3.0.2,<6)"]

[[package]]
name = "sgmllib3k"
version = "1.0.0"
description = "Py3k port of sgmllib."
category = "main"
optional = false
python-versions = "*"

[[package]]
name = "six"
version = "1.16.0"
description = "Python 2 and 3 compatibility utilities"
category = "main"
optional = false
python-versions = ">=2.7, !=3.0.*, !=3.1.*, !=3.2.*"

[[package]]
name = "soupsieve"
version = "2.3.2.post1"
description = "A modern CSS selector implementation for Beautiful Soup."
category = "main"
optional = false
python-versions = ">=3.6"

[[package]]
name = "tld"
version = "0.12.6"
description = "Extract the top-level domain (TLD) from the URL given."
category = "main"
optional = false
python-versions = ">=2.7, <4"

[[package]]
name = "trafilatura"
version = "1.4.0"
description = "Python package and command-line tool designed to gather text on the Web. It includes discovery, extraction and text processing components. Its main applications are web crawling, downloads, scraping, and extraction of main texts, metadata and comments."
category = "main"
optional = false
python-versions = ">=3.6"

[package.dependencies]
certifi = "*"
charset-normalizer = ">=2.1.1"
courlan = ">=0.8.3"
htmldate = ">=1.3.2"
justext = ">=3.0.0"
lxml = ">=4.6.4"
urllib3 = ">=1.26,<2"

[package.extras]
all = ["cchardet (>=2.1.7)", "htmldate[speed] (>=1.3.2)", "py3langid (>=0.2.2)", "pycurl (>=7.45.1)", "urllib3[brotli]"]
gui = ["Gooey (>=1.0.1)"]

[[package]]
name = "tzdata"
version = "2022.6"
description = "Provider of IANA time zone data"
category = "main"
optional = false
python-versions = ">=2"

[[package]]
name = "tzlocal"
version = "4.2"
description = "tzinfo object for the local timezone"
category = "main"
optional = false
python-versions = ">=3.6"

[package.dependencies]
"backports.zoneinfo" = {version = "*", markers = "python_version < \"3.9\""}
pytz-deprecation-shim = "*"
tzdata = {version = "*", markers = "platform_system == \"Windows\""}

[package.extras]
devenv = ["black", "pyroma", "pytest-cov", "zest.releaser"]
test = ["pytest (>=4.3)", "pytest-mock (>=3.3)"]

[[package]]
name = "unidecode"
version = "1.3.6"
description = "ASCII transliterations of Unicode text"
category = "main"
optional = false
python-versions = ">=3.5"

[[package]]
name = "urllib3"
version = "1.26.12"
description = "HTTP library with thread-safe connection pooling, file post, and more."
category = "main"
optional = false
python-versions = ">=2.7, !=3.0.*, !=3.1.*, !=3.2.*, !=3.3.*, !=3.4.*, !=3.5.*, <4"

[package.extras]
brotli = ["brotli (>=1.0.9)", "brotlicffi (>=0.8.0)", "brotlipy (>=0.6.0)"]
secure = ["certifi", "cryptography (>=1.3.4)", "idna (>=2.0.0)", "ipaddress", "pyOpenSSL (>=0.14)", "urllib3-secure-extra"]
socks = ["PySocks (>=1.5.6,!=1.5.7,<2.0)"]

[metadata]
lock-version = "1.1"
python-versions = "^3.7"
content-hash = "d599d1451c362ecc08fdda726d484b4aac02428e4eab9a71d6c2b141b16bcb55"

[metadata.files]
backports-zoneinfo = [
    {file = "backports.zoneinfo-0.2.1-cp36-cp36m-macosx_10_14_x86_64.whl", hash = "sha256:da6013fd84a690242c310d77ddb8441a559e9cb3d3d59ebac9aca1a57b2e18bc"},
    {file = "backports.zoneinfo-0.2.1-cp36-cp36m-manylinux1_i686.whl", hash = "sha256:89a48c0d158a3cc3f654da4c2de1ceba85263fafb861b98b59040a5086259722"},
    {file = "backports.zoneinfo-0.2.1-cp36-cp36m-manylinux1_x86_64.whl", hash = "sha256:1c5742112073a563c81f786e77514969acb58649bcdf6cdf0b4ed31a348d4546"},
    {file = "backports.zoneinfo-0.2.1-cp36-cp36m-win32.whl", hash = "sha256:e8236383a20872c0cdf5a62b554b27538db7fa1bbec52429d8d106effbaeca08"},
    {file = "backports.zoneinfo-0.2.1-cp36-cp36m-win_amd64.whl", hash = "sha256:8439c030a11780786a2002261569bdf362264f605dfa4d65090b64b05c9f79a7"},
    {file = "backports.zoneinfo-0.2.1-cp37-cp37m-macosx_10_14_x86_64.whl", hash = "sha256:f04e857b59d9d1ccc39ce2da1021d196e47234873820cbeaad210724b1ee28ac"},
    {file = "backports.zoneinfo-0.2.1-cp37-cp37m-manylinux1_i686.whl", hash = "sha256:17746bd546106fa389c51dbea67c8b7c8f0d14b5526a579ca6ccf5ed72c526cf"},
    {file = "backports.zoneinfo-0.2.1-cp37-cp37m-manylinux1_x86_64.whl", hash = "sha256:5c144945a7752ca544b4b78c8c41544cdfaf9786f25fe5ffb10e838e19a27570"},
    {file = "backports.zoneinfo-0.2.1-cp37-cp37m-win32.whl", hash = "sha256:e55b384612d93be96506932a786bbcde5a2db7a9e6a4bb4bffe8b733f5b9036b"},
    {file = "backports.zoneinfo-0.2.1-cp37-cp37m-win_amd64.whl", hash = "sha256:a76b38c52400b762e48131494ba26be363491ac4f9a04c1b7e92483d169f6582"},
    {file = "backports.zoneinfo-0.2.1-cp38-cp38-macosx_10_14_x86_64.whl", hash = "sha256:8961c0f32cd0336fb8e8ead11a1f8cd99ec07145ec2931122faaac1c8f7fd987"},
    {file = "backports.zoneinfo-0.2.1-cp38-cp38-manylinux1_i686.whl", hash = "sha256:e81b76cace8eda1fca50e345242ba977f9be6ae3945af8d46326d776b4cf78d1"},
    {file = "backports.zoneinfo-0.2.1-cp38-cp38-manylinux1_x86_64.whl", hash = "sha256:7b0a64cda4145548fed9efc10322770f929b944ce5cee6c0dfe0c87bf4c0c8c9"},
    {file = "backports.zoneinfo-0.2.1-cp38-cp38-win32.whl", hash = "sha256:1b13e654a55cd45672cb54ed12148cd33628f672548f373963b0bff67b217328"},
    {file = "backports.zoneinfo-0.2.1-cp38-cp38-win_amd64.whl", hash = "sha256:4a0f800587060bf8880f954dbef70de6c11bbe59c673c3d818921f042f9954a6"},
    {file = "backports.zoneinfo-0.2.1.tar.gz", hash = "sha256:fadbfe37f74051d024037f223b8e001611eac868b5c5b06144ef4d8b799862f2"},
]
beautifulsoup4 = [
    {file = "beautifulsoup4-4.11.1-py3-none-any.whl", hash = "sha256:58d5c3d29f5a36ffeb94f02f0d786cd53014cf9b3b3951d42e0080d8a9498d30"},
    {file = "beautifulsoup4-4.11.1.tar.gz", hash = "sha256:ad9aa55b65ef2808eb405f46cf74df7fcb7044d5cbc26487f96eb2ef2e436693"},
]
cached-property = [
    {file = "cached-property-1.5.2.tar.gz", hash = "sha256:9fa5755838eecbb2d234c3aa390bd80fbd3ac6b6869109bfc1b499f7bd89a130"},
    {file = "cached_property-1.5.2-py2.py3-none-any.whl", hash = "sha256:df4f613cf7ad9a588cc381aaf4a512d26265ecebd5eb9e1ba12f1319eb85a6a0"},
]
certifi = [
    {file = "certifi-2022.9.24-py3-none-any.whl", hash = "sha256:90c1a32f1d68f940488354e36370f6cca89f0f106db09518524c88d6ed83f382"},
    {file = "certifi-2022.9.24.tar.gz", hash = "sha256:0d9c601124e5a6ba9712dbc60d9c53c21e34f5f641fe83002317394311bdce14"},
]
chardet = [
    {file = "chardet-5.0.0-py3-none-any.whl", hash = "sha256:d3e64f022d254183001eccc5db4040520c0f23b1a3f33d6413e099eb7f126557"},
    {file = "chardet-5.0.0.tar.gz", hash = "sha256:0368df2bfd78b5fc20572bb4e9bb7fb53e2c094f60ae9993339e8671d0afb8aa"},
]
charset-normalizer = [
    {file = "charset-normalizer-2.1.1.tar.gz", hash = "sha256:5a3d016c7c547f69d6f81fb0db9449ce888b418b5b9952cc5e6e66843e9dd845"},
    {file = "charset_normalizer-2.1.1-py3-none-any.whl", hash = "sha256:83e9a75d1911279afd89352c68b45348559d1fc0506b054b346651b5e7fee29f"},
]
courlan = [
    {file = "courlan-0.8.3-py3-none-any.whl", hash = "sha256:d141d30f8e52d344cf9904aa29e4d8750e934026bdbca2dc7bd58b750566d058"},
    {file = "courlan-0.8.3.tar.gz", hash = "sha256:d06c5b048b2b5cd5c0ac77304dc24b795e4bb257a7b6077ea405a3b5e99ae179"},
]
cssselect = [
    {file = "cssselect-1.2.0-py2.py3-none-any.whl", hash = "sha256:da1885f0c10b60c03ed5eccbb6b68d6eff248d91976fcde348f395d54c9fd35e"},
    {file = "cssselect-1.2.0.tar.gz", hash = "sha256:666b19839cfaddb9ce9d36bfe4c969132c647b92fc9088c4e23f786b30f1b3dc"},
]
dateparser = [
    {file = "dateparser-1.1.3-py2.py3-none-any.whl", hash = "sha256:711f7eef6d431225bec56c00e386af3f6a47083276253375bdae1ae6c8d23d4a"},
    {file = "dateparser-1.1.3.tar.gz", hash = "sha256:ae7a7de30f26983d09fff802c1f9d35d54e1c11d7ab52ae904a1f3fc037ecba5"},
]
feedparser = [
    {file = "feedparser-6.0.10-py3-none-any.whl", hash = "sha256:79c257d526d13b944e965f6095700587f27388e50ea16fd245babe4dfae7024f"},
    {file = "feedparser-6.0.10.tar.gz", hash = "sha256:27da485f4637ce7163cdeab13a80312b93b7d0c1b775bef4a47629a3110bca51"},
]
htmldate = [
    {file = "htmldate-1.3.2-py3-none-any.whl", hash = "sha256:603b86eaf0f076efcd653d57fe0470305f751417711f4e373279235d0ff587e6"},
    {file = "htmldate-1.3.2.tar.gz", hash = "sha256:83830715faf0f22272d9e24e571a4955308a008107d0ca9359c0de77b99766cd"},
]
idna = [
    {file = "idna-3.4-py3-none-any.whl", hash = "sha256:90b77e79eaa3eba6de819a0c442c0b4ceefc341a7a2ab77d7562bf49f425c5c2"},
    {file = "idna-3.4.tar.gz", hash = "sha256:814f528e8dead7d329833b91c5faa87d60bf71824cd12a7530b5526063d02cb4"},
]
justext = [
    {file = "jusText-3.0.0-py2.py3-none-any.whl", hash = "sha256:86b48f5b1d99505acd072f5831def6cd3f1306043651c524a1c609e62e3544e4"},
    {file = "jusText-3.0.0.tar.gz", hash = "sha256:7640e248218795f6be65f6c35fe697325a3280fcb4675d1525bcdff2b86faadf"},
]
langcodes = [
    {file = "langcodes-3.3.0-py3-none-any.whl", hash = "sha256:4d89fc9acb6e9c8fdef70bcdf376113a3db09b67285d9e1d534de6d8818e7e69"},
    {file = "langcodes-3.3.0.tar.gz", hash = "sha256:794d07d5a28781231ac335a1561b8442f8648ca07cd518310aeb45d6f0807ef6"},
]
lxml = [
    {file = "lxml-4.9.0-cp311-cp311-win_amd64.whl", hash = "sha256:99ebe7a80815d3ac941278f5ba21e729c624e65f4b75b050cbaaa2b6177c4427"},
]
python-dateutil = [
    {file = "python-dateutil-2.8.2.tar.gz", hash = "sha256:0123cacc1627ae19ddf3c27a5de5bd67ee4586fbdd6440d9748f8abb483d3e86"},
    {file = "python_dateutil-2.8.2-py2.py3-none-any.whl", hash = "sha256:961d03dc3453ebbc59dbdea9e4e11c5651520a876d0f4db161e8674aae935da9"},
]
pytz = [
    {file = "pytz-2022.6-py2.py3-none-any.whl", hash = "sha256:222439474e9c98fced559f1709d89e6c9cbf8d79c794ff3eb9f8800064291427"},
    {file = "pytz-2022.6.tar.gz", hash = "sha256:e89512406b793ca39f5971bc999cc538ce125c0e51c27941bef4568b460095e2"},
]
pytz-deprecation-shim = [
    {file = "pytz_deprecation_shim-0.1.0.post0-py2.py3-none-any.whl", hash = "sha256:8314c9692a636c8eb3bda879b9f119e350e93223ae83e70e80c31675a0fdc1a6"},
    {file = "pytz_deprecation_shim-0.1.0.post0.tar.gz", hash = "sha256:af097bae1b616dde5c5744441e2ddc69e74dfdcb0c263129610d85b87445a59d"},
]
rapidfuzz = [
    {file = "rapidfuzz-2.13.2-cp310-cp310-macosx_10_9_universal2.whl", hash = "sha256:91c049f7591d9e9f8bcc3c556c0c4b448223f564ad04511a8719d28f5d38daed"},
    {file = "rapidfuzz-2.13.2-cp310-cp310-macosx_10_9_x86_64.whl", hash = "sha256:26e4b7f7941b92546a9b06ed75b40b5d7ceace8f3074d06cb3369349388d700d"},
    {file = "rapidfuzz-2.13.2-cp310-cp310-macosx_11_0_arm64.whl", hash = "sha256:ba2a8fbd21079093118c40e8e80068750c1619a5988e54220ea0929de48e7d65"},
    {file = "rapidfuzz-2.13.2-cp310-cp310-manylinux_2_17_aarch64.manylinux2014_aarch64.whl", hash = "sha256:de707808f1997574014d9ba87c2d9f8a619688d615520e3dce958bf4398514c7"},
    {file = "rapidfuzz-2.13.2-cp310-cp310-manylinux_2_17_i686.manylinux2014_i686.whl", hash = "sha256:ba3f47a5b82de7304ae08e2a111ccc90a6ea06ecc3f25d7870d08be0973c94cb"},
    {file = "rapidfuzz-2.13.2-cp310-cp310-manylinux_2_17_ppc64le.manylinux2014_ppc64le.whl", hash = "sha256:a181b6ef9b480b56b29bdc58dc50c198e93d33398d2f8e57da05cbddb095bd9e"},
    {file = "rapidfuzz-2.13.2-cp310-cp310-manylinux_2_17_s390x.manylinux2014_s390x.whl", hash = "sha256:e1e569953a2abe945f116a6c22b71e8fc02d7c27068af2af40990115f25c93e4"},
    {file = "rapidfuzz-2.13.2-cp310-cp310-manylinux_2_17_x86_64.manylinux2014_x86_64.whl", hash = "sha256:026f6ecd8948e168a89fc015ef34b6bcb200f30ac33f1480554d722181b38bea"},
    {file = "rapidfuzz-2.13.2-cp310-cp310-musllinux_1_1_aarch64.whl", hash = "sha256:daf5e4f6b048c225a494c941a21463a0d397c39a080db8fece9b3136297ed240"},
    {file = "rapidfuzz-2.13.2-cp310-cp310-musllinux_1_1_i686.whl", hash = "sha256:e39ae60598ed533f513db6d0370755685666024ab187a144fc688dd16cfa2d33"},
    {file = "rapidfuzz-2.13.2-cp310-cp310-musllinux_1_1_ppc64le.whl", hash = "sha256:e8d71f1611431c445ced872b303cd61f215551a11df0c7171e5993bed84867d5"},
    {file = "rapidfuzz-2.13.2-cp310-cp310-musllinux_1_1_s390x.whl", hash = "sha256:f5d07dca69bf5a9f1e1cd5756ded6c197a27e8d8f2d8a3d99565add37a3bd1ec"},
    {file = "rapidfuzz-2.13.2-cp310-cp310-musllinux_1_1_x86_64.whl", hash = "sha256:ac95981911559c842e1e4532e2f89ca255531db1d87257e5e69cd8c0c0d585fc"},
    {file = "rapidfuzz-2.13.2-cp310-cp310-win32.whl", hash = "sha256:b4162b96d0908cb0ca218513eab559e9a77c8a1d9705c9133813634d9db27f4f"},
    {file = "rapidfuzz-2.13.2-cp310-cp310-win_amd64.whl", hash = "sha256:84fd3cfc1cb872019e60a3844b1deedb176de0b9ded11bf30147137ac65185f5"},
    {file = "rapidfuzz-2.13.2-cp311-cp311-macosx_10_9_universal2.whl", hash = "sha256:a599cc5cec196c0776faf65b74ac957354bd036f878905a16be9e20884870d02"},
    {file = "rapidfuzz-2.13.2-cp311-cp311-macosx_10_9_x86_64.whl", hash = "sha256:dbad2b7dad98b854a468d2c6a0b11464f68ce841428aded2f24f201a17a144eb"},
    {file = "rapidfuzz-2.13.2-cp311-cp311-macosx_11_0_arm64.whl", hash = "sha256:ad78fb90540dc752b532345065146371acd3804a917c31fdd8a337951da9def2"},
    {file = "rapidfuzz-2.13.2-cp311-cp311-manylinux_2_17_aarch64.manylinux2014_aarch64.whl", hash = "sha256:ed0f99e0037b7f9f7117493e8723851c9eece4629906b2d5da21d3ef124149a2"},
    {file = "rapidfuzz-2.13.2-cp311-cp311-manylinux_2_17_i686.manylinux2014_i686.whl", hash = "sha256:9abdffc590ef08d27dfd14d32e571f4a0f5f797f433f00c5faf4cf56ab62792a"},
    {file = "rapidfuzz-2.13.2-cp311-cp311-manylinux_2_17_ppc64le.manylinux2014_ppc64le.whl", hash = "sha256:352c920e166e838bc560014885ba979df656938fcc29a12c73ff06dc76b150d8"},
    {file = "rapidfuzz-2.13.2-cp311-cp311-manylinux_2_17_s390x.manylinux2014_s390x.whl", hash = "sha256:c40acbadc965e72f1b44b3c665a59ec78a5e959757e52520bf73687c84ce6854"},
    {file = "rapidfuzz-2.13.2-cp311-cp311-manylinux_2_17_x86_64.manylinux2014_x86_64.whl", hash = "sha256:6a4053d5b62cedec83ff67d55e50da35f7736bed0a3b2af51fa6143f5fef3785"},
    {file = "rapidfuzz-2.13.2-cp311-cp311-musllinux_1_1_aarch64.whl", hash = "sha256:0c324d82871fe50471f7ba38a21c3e68167e868f541f57ac0ef23c053bbef6e6"},
    {file = "rapidfuzz-2.13.2-cp311-cp311-musllinux_1_1_i686.whl", hash = "sha256:cb4bd75518838b141dab8fe663de988c4d08502999068dc0b3949d43bd86ace6"},
    {file = "rapidfuzz-2.13.2-cp311-cp311-musllinux_1_1_ppc64le.whl", hash = "sha256:4b785ffbc16795fca27c9e899993df7721d886249061689c48dbfe60fa7d02a1"},
    {file = "rapidfuzz-2.13.2-cp311-cp311-musllinux_1_1_s390x.whl", hash = "sha256:1f363bf95d79dbafa8eac17697965e02e74da6f21b231b3fb808b2185bfed337"},
    {file = "rapidfuzz-2.13.2-cp311-cp311-musllinux_1_1_x86_64.whl", hash = "sha256:f7cfc25d8143a7570f5e4c9da072a1e1c335d81a6926eb10c1fd3f637fa3c022"},
    {file = "rapidfuzz-2.13.2-cp311-cp311-win32.whl", hash = "sha256:580f32cda7f911fef8266c7d811e580c18734cd12308d099b9975b914f33fcaf"},
    {file = "rapidfuzz-2.13.2-cp311-cp311-win_amd64.whl", hash = "sha256:98be3e873c8f9d90a982891b2b061521ba4e5e49552ba2d3c1b0806dd5677f88"},
    {file = "rapidfuzz-2.13.2-cp37-cp37m-macosx_10_9_x86_64.whl", hash = "sha256:de8ec700127b645b0e2e28e694a2bba6dcb6a305ef080ad312f3086d47fb6973"},
    {file = "rapidfuzz-2.13.2-cp37-cp37m-manylinux_2_17_aarch64.manylinux2014_aarch64.whl", hash = "sha256:a0ec73e6d3ad9442cfb5b94c137cf4241fff2860d81a9ee8be8c3d987bb400c0"},
    {file = "rapidfuzz-2.13.2-cp37-cp37m-manylinux_2_17_i686.manylinux2014_i686.whl", hash = "sha256:da5b7f35fc824cff36a2baa62486d5b427bf0fd7714c19704b5a7df82c2950b4"},
    {file = "rapidfuzz-2.13.2-cp37-cp37m-manylinux_2_17_ppc64le.manylinux2014_ppc64le.whl", hash = "sha256:0f186b3a32d78af7a805584a7e1c2fdf6f6fd62939936e4f3df869158c147a55"},
    {file = "rapidfuzz-2.13.2-cp37-cp37m-manylinux_2_17_s390x.manylinux2014_s390x.whl", hash = "sha256:68f2e23eec59fc77bef164157889a2f7fb9800c47d615c58ee3809e2be3c8509"},
    {file = "rapidfuzz-2.13.2-cp37-cp37m-manylinux_2_17_x86_64.manylinux2014_x86_64.whl", hash = "sha256:4291a8c02d32aa6ebdffe63cf91abc2846383de95ae04a275f036c4e7a27f9ba"},
    {file = "rapidfuzz-2.13.2-cp37-cp37m-musllinux_1_1_aarch64.whl", hash = "sha256:a2eeee09ff716c8ff75942c1b93f0bca129590499f1127cbeb1b5cefbdc0c3d5"},
    {file = "rapidfuzz-2.13.2-cp37-cp37m-musllinux_1_1_i686.whl", hash = "sha256:2345656b30d7e18d18a4df5b765e4059111860a69bf3a36608a7d625e92567e6"},
    {file = "rapidfuzz-2.13.2-cp37-cp37m-musllinux_1_1_ppc64le.whl", hash = "sha256:1e1dd1a328464dd2ae70f0e31ec403593fbb1b254bab7ac9f0cd08ba71c797d0"},
    {file = "rapidfuzz-2.13.2-cp37-cp37m-musllinux_1_1_s390x.whl", hash = "sha256:54fe1835f96c1033cdb7e4677497e784704c81d028c962d2222239ded93d978b"},
    {file = "rapidfuzz-2.13.2-cp37-cp37m-musllinux_1_1_x86_64.whl", hash = "sha256:6b68b6a12411cfacca16ace22d42ae8e9946315d79f49c6c97089789c235e795"},
    {file = "rapidfuzz-2.13.2-cp37-cp37m-win32.whl", hash = "sha256:9a740ddd3f7725c80e500f16b1b02b83a58b47164c0f3ddd9379208629c8c4b5"},
    {file = "rapidfuzz-2.13.2-cp37-cp37m-win_amd64.whl", hash = "sha256:378554acdcf8370cc5c777b1312921a2a670f68888e999ea1305599c55b67f5d"},
    {file = "rapidfuzz-2.13.2-cp38-cp38-macosx_10_9_universal2.whl", hash = "sha256:aa96955f2878116239db55506fe825f574651a8893d07a83de7b3c76a2f0386e"},
    {file = "rapidfuzz-2.13.2-cp38-cp38-macosx_10_9_x86_64.whl", hash = "sha256:b4df886481ca27a6d53d30a73625fb86dd308cf7d6d99d32e0dfbfcc8e8a75b9"},
    {file = "rapidfuzz-2.13.2-cp38-cp38-macosx_11_0_arm64.whl", hash = "sha256:2c66f3b8e93cdc3063ffd7224cad84951834d9434ffd27fa3fabad2e942ddab7"},
    {file = "rapidfuzz-2.13.2-cp38-cp38-manylinux_2_17_aarch64.manylinux2014_aarch64.whl", hash = "sha256:8d6d5ab0f12f2d7ae6aad77af67ae6253b6c1d54c320484f1acd2fce38b39ac2"},
    {file = "rapidfuzz-2.13.2-cp38-cp38-manylinux_2_17_i686.manylinux2014_i686.whl", hash = "sha256:8f0574d5d97722cfaf51b7dd667c8c836fa9fdf5a7d8158a787b98ee2788f6c5"},
    {file = "rapidfuzz-2.13.2-cp38-cp38-manylinux_2_17_ppc64le.manylinux2014_ppc64le.whl", hash = "sha256:83ff31d33c1391a0a6b23273b7f839dc8f7b5fb75ddca59ce4f334b83ca822bb"},
    {file = "rapidfuzz-2.13.2-cp38-cp38-manylinux_2_17_s390x.manylinux2014_s390x.whl", hash = "sha256:94d8c65f48665f82064bea8a48ff185409a309ba396f5aec3a846831cbe36e6d"},
    {file = "rapidfuzz-2.13.2-cp38-cp38-manylinux_2_17_x86_64.manylinux2014_x86_64.whl", hash = "sha256:5c065a83883af2a9a0303b6c06844a700af0db97ff6dc894324f656ad8efe405"},
    {file = "rapidfuzz-2.13.2-cp38-cp38-musllinux_1_1_aarch64.whl", hash = "sha256:773c60a5368a361253efea194552ff9ed6879756f6feb71b61b514723f8cb726"},
    {file = "rapidfuzz-2.13.2-cp38-cp38-musllinux_1_1_i686.whl", hash = "sha256:12ece1a4d024297afa4b76d2ce71c2c65fc7eaa487a9ae9f6e17c160253cfd23"},
    {file = "rapidfuzz-2.13.2-cp38-cp38-musllinux_1_1_ppc64le.whl", hash = "sha256:2b491f2fac36718247070c3343f53aadbbe8684f3e0cf3b6cce1bd099e1d05cb"},
    {file = "rapidfuzz-2.13.2-cp38-cp38-musllinux_1_1_s390x.whl", hash = "sha256:31370273787dca851e2df6f32f1ec8c61f86e9bbeb1cc42787020b6dfff952fd"},
    {file = "rapidfuzz-2.13.2-cp38-cp38-musllinux_1_1_x86_64.whl", hash = "sha256:47b5b227dc0bd53530dda55f344e1b24087fa99bb1bd7fceb6f5a2b1e2831ad4"},
    {file = "rapidfuzz-2.13.2-cp38-cp38-win32.whl", hash = "sha256:8f09a16ae84b1decb9df9a7e393ec84a0b2a11da6356c3eedcf86da8cabe3071"},
    {file = "rapidfuzz-2.13.2-cp38-cp38-win_amd64.whl", hash = "sha256:e038e187270cbb987cf7c5d4b574fce7a32bc3d9593e9346d129874a7dc08dc3"},
    {file = "rapidfuzz-2.13.2-cp39-cp39-macosx_10_9_universal2.whl", hash = "sha256:aee5dce78e157e503269121ad6f886acab4b1ab3e3956bcdf0549d54596eab57"},
    {file = "rapidfuzz-2.13.2-cp39-cp39-macosx_10_9_x86_64.whl", hash = "sha256:80073e897af0669f496d23899583b5c2f0decc2ec06aa7c36a3b8fb16eda5e0e"},
    {file = "rapidfuzz-2.13.2-cp39-cp39-macosx_11_0_arm64.whl", hash = "sha256:ce40c2a68fe28e05a4f66229c11885ef928086fbcd2eff086decdacfe5254da9"},
    {file = "rapidfuzz-2.13.2-cp39-cp39-manylinux_2_17_aarch64.manylinux2014_aarch64.whl", hash = "sha256:dd268701bf930bbb2d12f6f7f75c681e16fee646ea1663d258e825bf919ca7a1"},
    {file = "rapidfuzz-2.13.2-cp39-cp39-manylinux_2_17_i686.manylinux2014_i686.whl", hash = "sha256:f5d93e77881497f76e77056feea4c375732d27151151273d6e4cb8a1defbf17a"},
    {file = "rapidfuzz-2.13.2-cp39-cp39-manylinux_2_17_ppc64le.manylinux2014_ppc64le.whl", hash = "sha256:b27c3e2b1789a635b9df1d74838ae032dc2dbc596ece5d89f9de2c37ba0a6dfe"},
    {file = "rapidfuzz-2.13.2-cp39-cp39-manylinux_2_17_s390x.manylinux2014_s390x.whl", hash = "sha256:e49f412fe58c793af61b04fb5536534dfc95000b6c2bf0bfa42fcf7eb1453d42"},
    {file = "rapidfuzz-2.13.2-cp39-cp39-manylinux_2_17_x86_64.manylinux2014_x86_64.whl", hash = "sha256:27bbdee91718019e251d315c6e9b03aa5b7663b90e4228ac1ddb0a567ff3634b"},
    {file = "rapidfuzz-2.13.2-cp39-cp39-musllinux_1_1_aarch64.whl", hash = "sha256:b51d45cb9ed81669206e338413ba224c06a8900ab0cc9106f4750ac73dc687bb"},
    {file = "rapidfuzz-2.13.2-cp39-cp39-musllinux_1_1_i686.whl", hash = "sha256:3479a2fd88504cc41eb707650e81fd7ce864f2418fee24f7224775b539536b39"},
    {file = "rapidfuzz-2.13.2-cp39-cp39-musllinux_1_1_ppc64le.whl", hash = "sha256:7adb4327453c1550f51d6ba13d718a84091f82230c1d0daca6db628e57d0fa5a"},
    {file = "rapidfuzz-2.13.2-cp39-cp39-musllinux_1_1_s390x.whl", hash = "sha256:3a4e87aae287d757d9c5b045c819c985b02b38dea3f75630cc24d53826e640be"},
    {file = "rapidfuzz-2.13.2-cp39-cp39-musllinux_1_1_x86_64.whl", hash = "sha256:13e175b1643306558a3d7604789c4a8c217a64406fe82bf1a9e52efb5dea53ae"},
    {file = "rapidfuzz-2.13.2-cp39-cp39-win32.whl", hash = "sha256:fb896fafa206db4d55f4412135c3ae28fbc56b8afc476970d0c5f29d2ce50948"},
    {file = "rapidfuzz-2.13.2-cp39-cp39-win_amd64.whl", hash = "sha256:37a9a8f5737b8e429291148be67d2dd8ba779a69a87ad95d2785bb3d80fd1df7"},
    {file = "rapidfuzz-2.13.2-pp37-pypy37_pp73-macosx_10_9_x86_64.whl", hash = "sha256:d6cb51a8459e7160366c6c7b31e8f9a671f7d617591c0ad305f2697707061da2"},
    {file = "rapidfuzz-2.13.2-pp37-pypy37_pp73-manylinux_2_17_aarch64.manylinux2014_aarch64.whl", hash = "sha256:343fe1fcbbf55c994b22962bfb46f6b6903faeac5a2671b2f0fa5e3664de3e66"},
    {file = "rapidfuzz-2.13.2-pp37-pypy37_pp73-manylinux_2_17_i686.manylinux2014_i686.whl", hash = "sha256:8d9d081cd8e0110661c8a3e728d7b491a903bb54d34de40b17d19144563bd5f6"},
    {file = "rapidfuzz-2.13.2-pp37-pypy37_pp73-manylinux_2_17_x86_64.manylinux2014_x86_64.whl", hash = "sha256:3f93a6740fef239a8aca6521cc1891d448664115b53528a3dd7f95c1781a5fa6"},
    {file = "rapidfuzz-2.13.2-pp37-pypy37_pp73-win_amd64.whl", hash = "sha256:deaf26cc23cfbf90650993108de888533635b981a7157a0234b4753527ac6e5c"},
    {file = "rapidfuzz-2.13.2-pp38-pypy38_pp73-macosx_10_9_x86_64.whl", hash = "sha256:b6a0617ba60f81a8df3b9ddca09f591a0a0c8269402169825fcd50daa03e5c25"},
    {file = "rapidfuzz-2.13.2-pp38-pypy38_pp73-manylinux_2_17_aarch64.manylinux2014_aarch64.whl", hash = "sha256:6bee1065d55edfeabdb98211bb673cb44a8b118cded42d743f7d59c07b05a80d"},
    {file = "rapidfuzz-2.13.2-pp38-pypy38_pp73-manylinux_2_17_i686.manylinux2014_i686.whl", hash = "sha256:4e5afd5477332ceeb960e2002d5bb0b04ad00b40037a0ab1de9916041badcf00"},
    {file = "rapidfuzz-2.13.2-pp38-pypy38_pp73-manylinux_2_17_x86_64.manylinux2014_x86_64.whl", hash = "sha256:eead76c172ba08d49ea621016cf84031fff1ee33d7db751d7003e491e55e66af"},
    {file = "rapidfuzz-2.13.2-pp38-pypy38_pp73-win_amd64.whl", hash = "sha256:83b1e8aca6c3fad058d8a2b7653b7496df0c4aca903d589bb0e4184868290767"},
    {file = "rapidfuzz-2.13.2-pp39-pypy39_pp73-macosx_10_9_x86_64.whl", hash = "sha256:41610c3a9be4febcbcac2b69b2f45d0da33e39d1194e5ffa3dd3a104d5a67a70"},
    {file = "rapidfuzz-2.13.2-pp39-pypy39_pp73-manylinux_2_17_aarch64.manylinux2014_aarch64.whl", hash = "sha256:3aacc4eb58d6bccf6ec571619bee35861d4103961b9873d9b0829d347ca8a63e"},
    {file = "rapidfuzz-2.13.2-pp39-pypy39_pp73-manylinux_2_17_i686.manylinux2014_i686.whl", hash = "sha256:791d90aa1c68b5485f6340a8dc485aba7e9bcb729572449174ded0692e7e7ad0"},
    {file = "rapidfuzz-2.13.2-pp39-pypy39_pp73-manylinux_2_17_x86_64.manylinux2014_x86_64.whl", hash = "sha256:8d4f94b408c9f9218d61e8af55e43c8102f813eea2cf82de10906b032ddcb9aa"},
    {file = "rapidfuzz-2.13.2-pp39-pypy39_pp73-win_amd64.whl", hash = "sha256:ac6a8a34f858f3862798383f51012788df6be823e2874fa426667a4da94ded7e"},
    {file = "rapidfuzz-2.13.2.tar.gz", hash = "sha256:1c67007161655c59e13bba130a2db29d7c9e5c81bcecb8846a3dd7386065eb24"},
]
readability-lxml = [
    {file = "readability-lxml-0.8.1.tar.gz", hash = "sha256:e51fea56b5909aaf886d307d48e79e096293255afa567b7d08bca94d25b1a4e1"},
    {file = "readability_lxml-0.8.1-py3-none-any.whl", hash = "sha256:e0d366a21b1bd6cca17de71a4e6ea16fcfaa8b0a5b4004e39e2c7eff884e6305"},
]
regex = [
    {file = "regex-2022.3.2-cp310-cp310-macosx_10_9_x86_64.whl", hash = "sha256:ab69b4fe09e296261377d209068d52402fb85ef89dc78a9ac4a29a895f4e24a7"},
    {file = "regex-2022.3.2-cp310-cp310-macosx_11_0_arm64.whl", hash = "sha256:5bc5f921be39ccb65fdda741e04b2555917a4bced24b4df14eddc7569be3b493"},
    {file = "regex-2022.3.2-cp310-cp310-manylinux_2_17_aarch64.manylinux2014_aarch64.whl", hash = "sha256:43eba5c46208deedec833663201752e865feddc840433285fbadee07b84b464d"},
    {file = "regex-2022.3.2-cp310-cp310-manylinux_2_17_ppc64le.manylinux2014_ppc64le.whl", hash = "sha256:c68d2c04f7701a418ec2e5631b7f3552efc32f6bcc1739369c6eeb1af55f62e0"},
    {file = "regex-2022.3.2-cp310-cp310-manylinux_2_17_s390x.manylinux2014_s390x.whl", hash = "sha256:caa2734ada16a44ae57b229d45091f06e30a9a52ace76d7574546ab23008c635"},
    {file = "regex-2022.3.2-cp310-cp310-manylinux_2_17_x86_64.manylinux2014_x86_64.whl", hash = "sha256:ef806f684f17dbd6263d72a54ad4073af42b42effa3eb42b877e750c24c76f86"},
    {file = "regex-2022.3.2-cp310-cp310-manylinux_2_5_i686.manylinux1_i686.manylinux_2_17_i686.manylinux2014_i686.whl", hash = "sha256:be319f4eb400ee567b722e9ea63d5b2bb31464e3cf1b016502e3ee2de4f86f5c"},
    {file = "regex-2022.3.2-cp310-cp310-manylinux_2_5_x86_64.manylinux1_x86_64.manylinux_2_12_x86_64.manylinux2010_x86_64.whl", hash = "sha256:42bb37e2b2d25d958c25903f6125a41aaaa1ed49ca62c103331f24b8a459142f"},
    {file = "regex-2022.3.2-cp310-cp310-musllinux_1_1_aarch64.whl", hash = "sha256:fbc88d3ba402b5d041d204ec2449c4078898f89c4a6e6f0ed1c1a510ef1e221d"},
    {file = "regex-2022.3.2-cp310-cp310-musllinux_1_1_i686.whl", hash = "sha256:91e0f7e7be77250b808a5f46d90bf0032527d3c032b2131b63dee54753a4d729"},
    {file = "regex-2022.3.2-cp310-cp310-musllinux_1_1_ppc64le.whl", hash = "sha256:cb3652bbe6720786b9137862205986f3ae54a09dec8499a995ed58292bdf77c2"},
    {file = "regex-2022.3.2-cp310-cp310-musllinux_1_1_s390x.whl", hash = "sha256:878c626cbca3b649e14e972c14539a01191d79e58934e3f3ef4a9e17f90277f8"},
    {file = "regex-2022.3.2-cp310-cp310-musllinux_1_1_x86_64.whl", hash = "sha256:6df070a986fc064d865c381aecf0aaff914178fdf6874da2f2387e82d93cc5bd"},
    {file = "regex-2022.3.2-cp310-cp310-win32.whl", hash = "sha256:b549d851f91a4efb3e65498bd4249b1447ab6035a9972f7fc215eb1f59328834"},
    {file = "regex-2022.3.2-cp310-cp310-win_amd64.whl", hash = "sha256:8babb2b5751105dc0aef2a2e539f4ba391e738c62038d8cb331c710f6b0f3da7"},
    {file = "regex-2022.3.2-cp36-cp36m-macosx_10_9_x86_64.whl", hash = "sha256:1977bb64264815d3ef016625adc9df90e6d0e27e76260280c63eca993e3f455f"},
    {file = "regex-2022.3.2-cp36-cp36m-manylinux_2_17_aarch64.manylinux2014_aarch64.whl", hash = "sha256:1e73652057473ad3e6934944af090852a02590c349357b79182c1b681da2c772"},
    {file = "regex-2022.3.2-cp36-cp36m-manylinux_2_17_ppc64le.manylinux2014_ppc64le.whl", hash = "sha256:b22ff939a8856a44f4822da38ef4868bd3a9ade22bb6d9062b36957c850e404f"},
    {file = "regex-2022.3.2-cp36-cp36m-manylinux_2_17_s390x.manylinux2014_s390x.whl", hash = "sha256:878f5d649ba1db9f52cc4ef491f7dba2d061cdc48dd444c54260eebc0b1729b9"},
    {file = "regex-2022.3.2-cp36-cp36m-manylinux_2_17_x86_64.manylinux2014_x86_64.whl", hash = "sha256:0008650041531d0eadecc96a73d37c2dc4821cf51b0766e374cb4f1ddc4e1c14"},
    {file = "regex-2022.3.2-cp36-cp36m-manylinux_2_5_i686.manylinux1_i686.manylinux_2_17_i686.manylinux2014_i686.whl", hash = "sha256:06b1df01cf2aef3a9790858af524ae2588762c8a90e784ba00d003f045306204"},
    {file = "regex-2022.3.2-cp36-cp36m-manylinux_2_5_x86_64.manylinux1_x86_64.manylinux_2_12_x86_64.manylinux2010_x86_64.whl", hash = "sha256:57484d39447f94967e83e56db1b1108c68918c44ab519b8ecfc34b790ca52bf7"},
    {file = "regex-2022.3.2-cp36-cp36m-musllinux_1_1_aarch64.whl", hash = "sha256:74d86e8924835f863c34e646392ef39039405f6ce52956d8af16497af4064a30"},
    {file = "regex-2022.3.2-cp36-cp36m-musllinux_1_1_i686.whl", hash = "sha256:ae17fc8103f3b63345709d3e9654a274eee1c6072592aec32b026efd401931d0"},
    {file = "regex-2022.3.2-cp36-cp36m-musllinux_1_1_ppc64le.whl", hash = "sha256:5f92a7cdc6a0ae2abd184e8dfd6ef2279989d24c85d2c85d0423206284103ede"},
    {file = "regex-2022.3.2-cp36-cp36m-musllinux_1_1_s390x.whl", hash = "sha256:5dcc4168536c8f68654f014a3db49b6b4a26b226f735708be2054314ed4964f4"},
    {file = "regex-2022.3.2-cp36-cp36m-musllinux_1_1_x86_64.whl", hash = "sha256:1e30762ddddb22f7f14c4f59c34d3addabc789216d813b0f3e2788d7bcf0cf29"},
    {file = "regex-2022.3.2-cp36-cp36m-win32.whl", hash = "sha256:286ff9ec2709d56ae7517040be0d6c502642517ce9937ab6d89b1e7d0904f863"},
    {file = "regex-2022.3.2-cp36-cp36m-win_amd64.whl", hash = "sha256:d326ff80ed531bf2507cba93011c30fff2dd51454c85f55df0f59f2030b1687b"},
    {file = "regex-2022.3.2-cp37-cp37m-macosx_10_9_x86_64.whl", hash = "sha256:9d828c5987d543d052b53c579a01a52d96b86f937b1777bbfe11ef2728929357"},
    {file = "regex-2022.3.2-cp37-cp37m-manylinux_2_17_aarch64.manylinux2014_aarch64.whl", hash = "sha256:c87ac58b9baaf50b6c1b81a18d20eda7e2883aa9a4fb4f1ca70f2e443bfcdc57"},
    {file = "regex-2022.3.2-cp37-cp37m-manylinux_2_17_ppc64le.manylinux2014_ppc64le.whl", hash = "sha256:d6c2441538e4fadd4291c8420853431a229fcbefc1bf521810fbc2629d8ae8c2"},
    {file = "regex-2022.3.2-cp37-cp37m-manylinux_2_17_s390x.manylinux2014_s390x.whl", hash = "sha256:f3356afbb301ec34a500b8ba8b47cba0b44ed4641c306e1dd981a08b416170b5"},
    {file = "regex-2022.3.2-cp37-cp37m-manylinux_2_17_x86_64.manylinux2014_x86_64.whl", hash = "sha256:0d96eec8550fd2fd26f8e675f6d8b61b159482ad8ffa26991b894ed5ee19038b"},
    {file = "regex-2022.3.2-cp37-cp37m-manylinux_2_5_i686.manylinux1_i686.manylinux_2_17_i686.manylinux2014_i686.whl", hash = "sha256:cf668f26604e9f7aee9f8eaae4ca07a948168af90b96be97a4b7fa902a6d2ac1"},
    {file = "regex-2022.3.2-cp37-cp37m-manylinux_2_5_x86_64.manylinux1_x86_64.manylinux_2_12_x86_64.manylinux2010_x86_64.whl", hash = "sha256:0eb0e2845e81bdea92b8281a3969632686502565abf4a0b9e4ab1471c863d8f3"},
    {file = "regex-2022.3.2-cp37-cp37m-musllinux_1_1_aarch64.whl", hash = "sha256:87bc01226cd288f0bd9a4f9f07bf6827134dc97a96c22e2d28628e824c8de231"},
    {file = "regex-2022.3.2-cp37-cp37m-musllinux_1_1_i686.whl", hash = "sha256:09b4b6ccc61d4119342b26246ddd5a04accdeebe36bdfe865ad87a0784efd77f"},
    {file = "regex-2022.3.2-cp37-cp37m-musllinux_1_1_ppc64le.whl", hash = "sha256:9557545c10d52c845f270b665b52a6a972884725aa5cf12777374e18f2ea8960"},
    {file = "regex-2022.3.2-cp37-cp37m-musllinux_1_1_s390x.whl", hash = "sha256:0be0c34a39e5d04a62fd5342f0886d0e57592a4f4993b3f9d257c1f688b19737"},
    {file = "regex-2022.3.2-cp37-cp37m-musllinux_1_1_x86_64.whl", hash = "sha256:7b103dffb9f6a47ed7ffdf352b78cfe058b1777617371226c1894e1be443afec"},
    {file = "regex-2022.3.2-cp37-cp37m-win32.whl", hash = "sha256:f8169ec628880bdbca67082a9196e2106060a4a5cbd486ac51881a4df805a36f"},
    {file = "regex-2022.3.2-cp37-cp37m-win_amd64.whl", hash = "sha256:4b9c16a807b17b17c4fa3a1d8c242467237be67ba92ad24ff51425329e7ae3d0"},
    {file = "regex-2022.3.2-cp38-cp38-macosx_10_9_x86_64.whl", hash = "sha256:67250b36edfa714ba62dc62d3f238e86db1065fccb538278804790f578253640"},
    {file = "regex-2022.3.2-cp38-cp38-macosx_11_0_arm64.whl", hash = "sha256:5510932596a0f33399b7fff1bd61c59c977f2b8ee987b36539ba97eb3513584a"},
    {file = "regex-2022.3.2-cp38-cp38-manylinux_2_17_aarch64.manylinux2014_aarch64.whl", hash = "sha256:f6f7ee2289176cb1d2c59a24f50900f8b9580259fa9f1a739432242e7d254f93"},
    {file = "regex-2022.3.2-cp38-cp38-manylinux_2_17_ppc64le.manylinux2014_ppc64le.whl", hash = "sha256:86d7a68fa53688e1f612c3246044157117403c7ce19ebab7d02daf45bd63913e"},
    {file = "regex-2022.3.2-cp38-cp38-manylinux_2_17_s390x.manylinux2014_s390x.whl", hash = "sha256:aaf5317c961d93c1a200b9370fb1c6b6836cc7144fef3e5a951326912bf1f5a3"},
    {file = "regex-2022.3.2-cp38-cp38-manylinux_2_17_x86_64.manylinux2014_x86_64.whl", hash = "sha256:ad397bc7d51d69cb07ef89e44243f971a04ce1dca9bf24c992c362406c0c6573"},
    {file = "regex-2022.3.2-cp38-cp38-manylinux_2_5_i686.manylinux1_i686.manylinux_2_17_i686.manylinux2014_i686.whl", hash = "sha256:297c42ede2c81f0cb6f34ea60b5cf6dc965d97fa6936c11fc3286019231f0d66"},
    {file = "regex-2022.3.2-cp38-cp38-manylinux_2_5_x86_64.manylinux1_x86_64.manylinux_2_12_x86_64.manylinux2010_x86_64.whl", hash = "sha256:af4d8cc28e4c7a2f6a9fed544228c567340f8258b6d7ea815b62a72817bbd178"},
    {file = "regex-2022.3.2-cp38-cp38-musllinux_1_1_aarch64.whl", hash = "sha256:452519bc4c973e961b1620c815ea6dd8944a12d68e71002be5a7aff0a8361571"},
    {file = "regex-2022.3.2-cp38-cp38-musllinux_1_1_i686.whl", hash = "sha256:cb34c2d66355fb70ae47b5595aafd7218e59bb9c00ad8cc3abd1406ca5874f07"},
    {file = "regex-2022.3.2-cp38-cp38-musllinux_1_1_ppc64le.whl", hash = "sha256:3d146e5591cb67c5e836229a04723a30af795ef9b70a0bbd913572e14b7b940f"},
    {file = "regex-2022.3.2-cp38-cp38-musllinux_1_1_s390x.whl", hash = "sha256:03299b0bcaa7824eb7c0ebd7ef1e3663302d1b533653bfe9dc7e595d453e2ae9"},
    {file = "regex-2022.3.2-cp38-cp38-musllinux_1_1_x86_64.whl", hash = "sha256:9ccb0a4ab926016867260c24c192d9df9586e834f5db83dfa2c8fffb3a6e5056"},
    {file = "regex-2022.3.2-cp38-cp38-win32.whl", hash = "sha256:f7e8f1ee28e0a05831c92dc1c0c1c94af5289963b7cf09eca5b5e3ce4f8c91b0"},
    {file = "regex-2022.3.2-cp38-cp38-win_amd64.whl", hash = "sha256:35ed2f3c918a00b109157428abfc4e8d1ffabc37c8f9abc5939ebd1e95dabc47"},
    {file = "regex-2022.3.2-cp39-cp39-macosx_10_9_x86_64.whl", hash = "sha256:55820bc631684172b9b56a991d217ec7c2e580d956591dc2144985113980f5a3"},
    {file = "regex-2022.3.2-cp39-cp39-macosx_11_0_arm64.whl", hash = "sha256:83f03f0bd88c12e63ca2d024adeee75234d69808b341e88343b0232329e1f1a1"},
    {file = "regex-2022.3.2-cp39-cp39-manylinux_2_17_aarch64.manylinux2014_aarch64.whl", hash = "sha256:42d6007722d46bd2c95cce700181570b56edc0dcbadbfe7855ec26c3f2d7e008"},
    {file = "regex-2022.3.2-cp39-cp39-manylinux_2_17_ppc64le.manylinux2014_ppc64le.whl", hash = "sha256:320c2f4106962ecea0f33d8d31b985d3c185757c49c1fb735501515f963715ed"},
    {file = "regex-2022.3.2-cp39-cp39-manylinux_2_17_s390x.manylinux2014_s390x.whl", hash = "sha256:fbd3fe37353c62fd0eb19fb76f78aa693716262bcd5f9c14bb9e5aca4b3f0dc4"},
    {file = "regex-2022.3.2-cp39-cp39-manylinux_2_17_x86_64.manylinux2014_x86_64.whl", hash = "sha256:17e51ad1e6131c496b58d317bc9abec71f44eb1957d32629d06013a21bc99cac"},
    {file = "regex-2022.3.2-cp39-cp39-manylinux_2_5_i686.manylinux1_i686.manylinux_2_17_i686.manylinux2014_i686.whl", hash = "sha256:72bc3a5effa5974be6d965ed8301ac1e869bc18425c8a8fac179fbe7876e3aee"},
    {file = "regex-2022.3.2-cp39-cp39-manylinux_2_5_x86_64.manylinux1_x86_64.manylinux_2_12_x86_64.manylinux2010_x86_64.whl", hash = "sha256:e5602a9b5074dcacc113bba4d2f011d2748f50e3201c8139ac5b68cf2a76bd8b"},
    {file = "regex-2022.3.2-cp39-cp39-musllinux_1_1_aarch64.whl", hash = "sha256:729aa8ca624c42f309397c5fc9e21db90bf7e2fdd872461aabdbada33de9063c"},
    {file = "regex-2022.3.2-cp39-cp39-musllinux_1_1_i686.whl", hash = "sha256:d6ecfd1970b3380a569d7b3ecc5dd70dba295897418ed9e31ec3c16a5ab099a5"},
    {file = "regex-2022.3.2-cp39-cp39-musllinux_1_1_ppc64le.whl", hash = "sha256:13bbf0c9453c6d16e5867bda7f6c0c7cff1decf96c5498318bb87f8136d2abd4"},
    {file = "regex-2022.3.2-cp39-cp39-musllinux_1_1_s390x.whl", hash = "sha256:58ba41e462653eaf68fc4a84ec4d350b26a98d030be1ab24aba1adcc78ffe447"},
    {file = "regex-2022.3.2-cp39-cp39-musllinux_1_1_x86_64.whl", hash = "sha256:c0446b2871335d5a5e9fcf1462f954586b09a845832263db95059dcd01442015"},
    {file = "regex-2022.3.2-cp39-cp39-win32.whl", hash = "sha256:20e6a27959f162f979165e496add0d7d56d7038237092d1aba20b46de79158f1"},
    {file = "regex-2022.3.2-cp39-cp39-win_amd64.whl", hash = "sha256:9efa41d1527b366c88f265a227b20bcec65bda879962e3fc8a2aee11e81266d7"},
    {file = "regex-2022.3.2.tar.gz", hash = "sha256:79e5af1ff258bc0fe0bdd6f69bc4ae33935a898e3cbefbbccf22e88a27fa053b"},
]
requests = [
    {file = "requests-2.28.1-py3-none-any.whl", hash = "sha256:8fefa2a1a1365bf5520aac41836fbee479da67864514bdb821f31ce07ce65349"},
    {file = "requests-2.28.1.tar.gz", hash = "sha256:7c5599b102feddaa661c826c56ab4fee28bfd17f5abca1ebbe3e7f19d7c97983"},
]
sgmllib3k = [
    {file = "sgmllib3k-1.0.0.tar.gz", hash = "sha256:7868fb1c8bfa764c1ac563d3cf369c381d1325d36124933a726f29fcdaa812e9"},
]
six = [
    {file = "six-1.16.0-py2.py3-none-any.whl", hash = "sha256:8abb2f1d86890a2dfb989f9a77cfcfd3e47c2a354b01111771326f8aa26e0254"},
    {file = "six-1.16.0.tar.gz", hash = "sha256:1e61c37477a1626458e36f7b1d82aa5c9b094fa4802892072e49de9c60c4c926"},
]
soupsieve = [
    {file = "soupsieve-2.3.2.post1-py3-none-any.whl", hash = "sha256:3b2503d3c7084a42b1ebd08116e5f81aadfaea95863628c80a3b774a11b7c759"},
    {file = "soupsieve-2.3.2.post1.tar.gz", hash = "sha256:fc53893b3da2c33de295667a0e19f078c14bf86544af307354de5fcf12a3f30d"},
]
tld = [
    {file = "tld-0.12.6-py27-none-any.whl", hash = "sha256:ef5b162d6fa295822dacd4fe4df1b62d8df2550795a97399a8905821b58d3702"},
    {file = "tld-0.12.6-py35-none-any.whl", hash = "sha256:826bbe61dccc8d63144b51caef83e1373fbaac6f9ada46fca7846021f5d36fef"},
    {file = "tld-0.12.6-py36-none-any.whl", hash = "sha256:843844e4256c943983d86366b5af3ac9cd1c9a0b6465f04d9f70e3b4c1a7989f"},
    {file = "tld-0.12.6-py37-none-any.whl", hash = "sha256:a92ac6b84917e7d9e934434b8d37e9be534598f138fbb86b3c0d5426f2621890"},
    {file = "tld-0.12.6-py38-none-any.whl", hash = "sha256:266106ad9035f54cd5cce5f823911a51f697e7c58cb45bfbd6c53b4c2976ece2"},
    {file = "tld-0.12.6-py39-none-any.whl", hash = "sha256:b6650f2d5392a49760064bc55d73ce3397a378ef24ded96efb516c6b8ec68c26"},
    {file = "tld-0.12.6.tar.gz", hash = "sha256:69fed19d26bb3f715366fb4af66fdeace896c55c052b00e8aaba3a7b63f3e7f0"},
]
trafilatura = [
    {file = "trafilatura-1.4.0-py3-none-any.whl", hash = "sha256:a720942b4ddb0be90876fc47ff5c3571a7dd88745b963f2a2618f6f02a7fbdeb"},
    {file = "trafilatura-1.4.0.tar.gz", hash = "sha256:124dedf39cdaf725ba18ae9c340da67f9be83c74745ee834de6d1fcaeed1009f"},
]
tzdata = [
    {file = "tzdata-2022.6-py2.py3-none-any.whl", hash = "sha256:04a680bdc5b15750c39c12a448885a51134a27ec9af83667663f0b3a1bf3f342"},
    {file = "tzdata-2022.6.tar.gz", hash = "sha256:91f11db4503385928c15598c98573e3af07e7229181bee5375bd30f1695ddcae"},
]
tzlocal = [
    {file = "tzlocal-4.2-py3-none-any.whl", hash = "sha256:89885494684c929d9191c57aa27502afc87a579be5cdd3225c77c463ea043745"},
    {file = "tzlocal-4.2.tar.gz", hash = "sha256:ee5842fa3a795f023514ac2d801c4a81d1743bbe642e3940143326b3a00addd7"},
]
unidecode = [
    {file = "Unidecode-1.3.6-py3-none-any.whl", hash = "sha256:547d7c479e4f377b430dd91ac1275d593308dce0fc464fb2ab7d41f82ec653be"},
    {file = "Unidecode-1.3.6.tar.gz", hash = "sha256:fed09cf0be8cf415b391642c2a5addfc72194407caee4f98719e40ec2a72b830"},
]
urllib3 = [
    {file = "urllib3-1.26.12-py2.py3-none-any.whl", hash = "sha256:b930dd878d5a8afb066a637fbb35144fe7901e3b209d1cd4f524bd0e9deee997"},
    {file = "urllib3-1.26.12.tar.gz", hash = "sha256:3fa96cf423e6987997fc326ae8df396db2a8b7c667747d47ddd8ecba91f4a74e"},
]
